
Microsoft Visual Studio Solution File, Format Version 12.00
# Visual Studio Version 17
VisualStudioVersion = 17.4.33205.214
MinimumVisualStudioVersion = 10.0.40219.1
Project("{888888A0-9F3D-457C-B088-3A5042F75D52}") = "Danila Ivanov_lg23", "Danila Ivanov_lg23.pyproj", "{452B9C2E-66F0-462D-BC13-5163DA7E2183}"
EndProject
Global
	GlobalSection(SolutionConfigurationPlatforms) = preSolution
		Debug|Any CPU = Debug|Any CPU
		Release|Any CPU = Release|Any CPU
	EndGlobalSection
	GlobalSection(ProjectConfigurationPlatforms) = postSolution
		{452B9C2E-66F0-462D-BC13-5163DA7E2183}.Debug|Any CPU.ActiveCfg = Debug|Any CPU
		{452B9C2E-66F0-462D-BC13-5163DA7E2183}.Release|Any CPU.ActiveCfg = Release|Any CPU
	EndGlobalSection
	GlobalSection(SolutionProperties) = preSolution
		HideSolutionNode = FALSE
	EndGlobalSection
	GlobalSection(ExtensibilityGlobals) = postSolution
		SolutionGuid = {314D0461-7880-4FA5-B7B0-17CCC59BF570}
	EndGlobalSection
EndGlobal
